
Microsoft Visual Studio Solution File, Format Version 12.00
# Visual Studio Version 16
VisualStudioVersion = 16.0.29201.188
MinimumVisualStudioVersion = 10.0.40219.1
Project("{FAE04EC0-301F-11D3-BF4B-00C04F79EFBC}") = "propuesto02", "propuesto02\propuesto02.csproj", "{CE3AE55C-4552-43AD-B7EC-CFEC03A813FF}"
EndProject
Global
	GlobalSection(SolutionConfigurationPlatforms) = preSolution
		Debug|Any CPU = Debug|Any CPU
		Release|Any CPU = Release|Any CPU
	EndGlobalSection
	GlobalSection(ProjectConfigurationPlatforms) = postSolution
		{CE3AE55C-4552-43AD-B7EC-CFEC03A813FF}.Debug|Any CPU.ActiveCfg = Debug|Any CPU
		{CE3AE55C-4552-43AD-B7EC-CFEC03A813FF}.Debug|Any CPU.Build.0 = Debug|Any CPU
		{CE3AE55C-4552-43AD-B7EC-CFEC03A813FF}.Release|Any CPU.ActiveCfg = Release|Any CPU
		{CE3AE55C-4552-43AD-B7EC-CFEC03A813FF}.Release|Any CPU.Build.0 = Release|Any CPU
	EndGlobalSection
	GlobalSection(SolutionProperties) = preSolution
		HideSolutionNode = FALSE
	EndGlobalSection
	GlobalSection(ExtensibilityGlobals) = postSolution
		SolutionGuid = {2B3AE557-69C4-450E-A9D5-557484798389}
	EndGlobalSection
EndGlobal
